// !$*UTF8*$!
{
	archiveVersion = 1;
	classes = {
	};
	objectVersion = 46;
	objects = {

/* Begin PBXBuildFile section */
		59B080C51A935BBD00CB57ED /* AppDelegate.swift in Sources */ = {isa = PBXBuildFile; fileRef = 59B080C41A935BBD00CB57ED /* AppDelegate.swift */; };
		59B080C71A935BBD00CB57ED /* Images.xcassets in Resources */ = {isa = PBXBuildFile; fileRef = 59B080C61A935BBD00CB57ED /* Images.xcassets */; };
		59B080CA1A935BBD00CB57ED /* MainMenu.xib in Resources */ = {isa = PBXBuildFile; fileRef = 59B080C81A935BBD00CB57ED /* MainMenu.xib */; };
		59B080D61A935BBD00CB57ED /* ParrotZikTests.swift in Sources */ = {isa = PBXBuildFile; fileRef = 59B080D51A935BBD00CB57ED /* ParrotZikTests.swift */; };
/* End PBXBuildFile section */

/* Begin PBXContainerItemProxy section */
		59B080D01A935BBD00CB57ED /* PBXContainerItemProxy */ = {
			isa = PBXContainerItemProxy;
			containerPortal = 59B080B71A935BBD00CB57ED /* Project object */;
			proxyType = 1;
			remoteGlobalIDString = 59B080BE1A935BBD00CB57ED;
			remoteInfo = ParrotZik;
		};
/* End PBXContainerItemProxy section */

/* Begin PBXFileReference section */
		59B080BF1A935BBD00CB57ED /* ParrotZik.app */ = {isa = PBXFileReference; explicitFileType = wrapper.application; includeInIndex = 0; path = ParrotZik.app; sourceTree = BUILT_PRODUCTS_DIR; };
		59B080C31A935BBD00CB57ED /* Info.plist */ = {isa = PBXFileReference; lastKnownFileType = text.plist.xml; path = Info.plist; sourceTree = "<group>"; };
		59B080C41A935BBD00CB57ED /* AppDelegate.swift */ = {isa = PBXFileReference; lastKnownFileType = sourcecode.swift; path = AppDelegate.swift; sourceTree = "<group>"; };
		59B080C61A935BBD00CB57ED /* Images.xcassets */ = {isa = PBXFileReference; lastKnownFileType = folder.assetcatalog; path = Images.xcassets; sourceTree = "<group>"; };
		59B080C91A935BBD00CB57ED /* Base */ = {isa = PBXFileReference; lastKnownFileType = file.xib; name = Base; path = Base.lproj/MainMenu.xib; sourceTree = "<group>"; };
		59B080CF1A935BBD00CB57ED /* ParrotZikTests.xctest */ = {isa = PBXFileReference; explicitFileType = wrapper.cfbundle; includeInIndex = 0; path = ParrotZikTests.xctest; sourceTree = BUILT_PRODUCTS_DIR; };
		59B080D41A935BBD00CB57ED /* Info.plist */ = {isa = PBXFileReference; lastKnownFileType = text.plist.xml; path = Info.plist; sourceTree = "<group>"; };
		59B080D51A935BBD00CB57ED /* ParrotZikTests.swift */ = {isa = PBXFileReference; lastKnownFileType = sourcecode.swift; path = ParrotZikTests.swift; sourceTree = "<group>"; };
/* End PBXFileReference section */

/* Begin PBXFrameworksBuildPhase section */
		59B080BC1A935BBD00CB57ED /* Frameworks */ = {
			isa = PBXFrameworksBuildPhase;
			buildActionMask = 2147483647;
			files = (
			);
			runOnlyForDeploymentPostprocessing = 0;
		};
		59B080CC1A935BBD00CB57ED /* Frameworks */ = {
			isa = PBXFrameworksBuildPhase;
			buildActionMask = 2147483647;
			files = (
			);
			runOnlyForDeploymentPostprocessing = 0;
		};
/* End PBXFrameworksBuildPhase section */

/* Begin PBXGroup section */
		59B080B61A935BBD00CB57ED = {
			isa = PBXGroup;
			children = (
				59B080C11A935BBD00CB57ED /* ParrotZik */,
				59B080D21A935BBD00CB57ED /* ParrotZikTests */,
				59B080C01A935BBD00CB57ED /* Products */,
			);
			sourceTree = "<group>";
		};
		59B080C01A935BBD00CB57ED /* Products */ = {
			isa = PBXGroup;
			children = (
				59B080BF1A935BBD00CB57ED /* ParrotZik.app */,
				59B080CF1A935BBD00CB57ED /* ParrotZikTests.xctest */,
			);
			name = Products;
			sourceTree = "<group>";
		};
		59B080C11A935BBD00CB57ED /* ParrotZik */ = {
			isa = PBXGroup;
			children = (
				59B080C41A935BBD00CB57ED /* AppDelegate.swift */,
				59B080C61A935BBD00CB57ED /* Images.xcassets */,
				59B080C81A935BBD00CB57ED /* MainMenu.xib */,
				59B080C21A935BBD00CB57ED /* Supporting Files */,
			);
			path = ParrotZik;
			sourceTree = "<group>";
		};
		59B080C21A935BBD00CB57ED /* Supporting Files */ = {
			isa = PBXGroup;
			children = (
				59B080C31A935BBD00CB57ED /* Info.plist */,
			);
			name = "Supporting Files";
			sourceTree = "<group>";
		};
		59B080D21A935BBD00CB57ED /* ParrotZikTests */ = {
			isa = PBXGroup;
			children = (
				59B080D51A935BBD00CB57ED /* ParrotZikTests.swift */,
				59B080D31A935BBD00CB57ED /* Supporting Files */,
			);
			path = ParrotZikTests;
			sourceTree = "<group>";
		};
		59B080D31A935BBD00CB57ED /* Supporting Files */ = {
			isa = PBXGroup;
			children = (
				59B080D41A935BBD00CB57ED /* Info.plist */,
			);
			name = "Supporting Files";
			sourceTree = "<group>";
		};
/* End PBXGroup section */

/* Begin PBXNativeTarget section */
		59B080BE1A935BBD00CB57ED /* ParrotZik */ = {
			isa = PBXNativeTarget;
			buildConfigurationList = 59B080D91A935BBD00CB57ED /* Build configuration list for PBXNativeTarget "ParrotZik" */;
			buildPhases = (
				59B080BB1A935BBD00CB57ED /* Sources */,
				59B080BC1A935BBD00CB57ED /* Frameworks */,
				59B080BD1A935BBD00CB57ED /* Resources */,
			);
			buildRules = (
			);
			dependencies = (
			);
			name = ParrotZik;
			productName = ParrotZik;
			productReference = 59B080BF1A935BBD00CB57ED /* ParrotZik.app */;
			productType = "com.apple.product-type.application";
		};
		59B080CE1A935BBD00CB57ED /* ParrotZikTests */ = {
			isa = PBXNativeTarget;
			buildConfigurationList = 59B080DC1A935BBD00CB57ED /* Build configuration list for PBXNativeTarget "ParrotZikTests" */;
			buildPhases = (
				59B080CB1A935BBD00CB57ED /* Sources */,
				59B080CC1A935BBD00CB57ED /* Frameworks */,
				59B080CD1A935BBD00CB57ED /* Resources */,
			);
			buildRules = (
			);
			dependencies = (
				59B080D11A935BBD00CB57ED /* PBXTargetDependency */,
			);
			name = ParrotZikTests;
			productName = ParrotZikTests;
			productReference = 59B080CF1A935BBD00CB57ED /* ParrotZikTests.xctest */;
			productType = "com.apple.product-type.bundle.unit-test";
		};
/* End PBXNativeTarget section */

/* Begin PBXProject section */
		59B080B71A935BBD00CB57ED /* Project object */ = {
			isa = PBXProject;
			attributes = {
				LastUpgradeCheck = 0610;
				ORGANIZATIONNAME = "Внештатный командир земли";
				TargetAttributes = {
					59B080BE1A935BBD00CB57ED = {
						CreatedOnToolsVersion = 6.1.1;
					};
					59B080CE1A935BBD00CB57ED = {
						CreatedOnToolsVersion = 6.1.1;
						TestTargetID = 59B080BE1A935BBD00CB57ED;
					};
				};
			};
			buildConfigurationList = 59B080BA1A935BBD00CB57ED /* Build configuration list for PBXProject "ParrotZik" */;
			compatibilityVersion = "Xcode 3.2";
			developmentRegion = English;
			hasScannedForEncodings = 0;
			knownRegions = (
				en,
				Base,
			);
			mainGroup = 59B080B61A935BBD00CB57ED;
			productRefGroup = 59B080C01A935BBD00CB57ED /* Products */;
			projectDirPath = "";
			projectRoot = "";
			targets = (
				59B080BE1A935BBD00CB57ED /* ParrotZik */,
				59B080CE1A935BBD00CB57ED /* ParrotZikTests */,
			);
		};
/* End PBXProject section */

/* Begin PBXResourcesBuildPhase section */
		59B080BD1A935BBD00CB57ED /* Resources */ = {
			isa = PBXResourcesBuildPhase;
			buildActionMask = 2147483647;
			files = (
				59B080C71A935BBD00CB57ED /* Images.xcassets in Resources */,
				59B080CA1A935BBD00CB57ED /* MainMenu.xib in Resources */,
			);
			runOnlyForDeploymentPostprocessing = 0;
		};
		59B080CD1A935BBD00CB57ED /* Resources */ = {
			isa = PBXResourcesBuildPhase;
			buildActionMask = 2147483647;
			files = (
			);
			runOnlyForDeploymentPostprocessing = 0;
		};
/* End PBXResourcesBuildPhase section */

/* Begin PBXSourcesBuildPhase section */
		59B080BB1A935BBD00CB57ED /* Sources */ = {
			isa = PBXSourcesBuildPhase;
			buildActionMask = 2147483647;
			files = (
				59B080C51A935BBD00CB57ED /* AppDelegate.swift in Sources */,
			);
			runOnlyForDeploymentPostprocessing = 0;
		};
		59B080CB1A935BBD00CB57ED /* Sources */ = {
			isa = PBXSourcesBuildPhase;
			buildActionMask = 2147483647;
			files = (
				59B080D61A935BBD00CB57ED /* ParrotZikTests.swift in Sources */,
			);
			runOnlyForDeploymentPostprocessing = 0;
		};
/* End PBXSourcesBuildPhase section */

/* Begin PBXTargetDependency section */
		59B080D11A935BBD00CB57ED /* PBXTargetDependency */ = {
			isa = PBXTargetDependency;
			target = 59B080BE1A935BBD00CB57ED /* ParrotZik */;
			targetProxy = 59B080D01A935BBD00CB57ED /* PBXContainerItemProxy */;
		};
/* End PBXTargetDependency section */

/* Begin PBXVariantGroup section */
		59B080C81A935BBD00CB57ED /* MainMenu.xib */ = {
			isa = PBXVariantGroup;
			children = (
				59B080C91A935BBD00CB57ED /* Base */,
			);
			name = MainMenu.xib;
			sourceTree = "<group>";
		};
/* End PBXVariantGroup section */

/* Begin XCBuildConfiguration section */
		59B080D71A935BBD00CB57ED /* Debug */ = {
			isa = XCBuildConfiguration;
			buildSettings = {
				ALWAYS_SEARCH_USER_PATHS = NO;
				CLANG_CXX_LANGUAGE_STANDARD = "gnu++0x";
				CLANG_CXX_LIBRARY = "libc++";
				CLANG_ENABLE_MODULES = YES;
				CLANG_ENABLE_OBJC_ARC = YES;
				CLANG_WARN_BOOL_CONVERSION = YES;
				CLANG_WARN_CONSTANT_CONVERSION = YES;
				CLANG_WARN_DIRECT_OBJC_ISA_USAGE = YES_ERROR;
				CLANG_WARN_EMPTY_BODY = YES;
				CLANG_WARN_ENUM_CONVERSION = YES;
				CLANG_WARN_INT_CONVERSION = YES;
				CLANG_WARN_OBJC_ROOT_CLASS = YES_ERROR;
				CLANG_WARN_UNREACHABLE_CODE = YES;
				CLANG_WARN__DUPLICATE_METHOD_MATCH = YES;
				CODE_SIGN_IDENTITY = "-";
				COPY_PHASE_STRIP = NO;
				ENABLE_STRICT_OBJC_MSGSEND = YES;
				GCC_C_LANGUAGE_STANDARD = gnu99;
				GCC_DYNAMIC_NO_PIC = NO;
				GCC_OPTIMIZATION_LEVEL = 0;
				GCC_PREPROCESSOR_DEFINITIONS = (
					"DEBUG=1",
					"$(inherited)",
				);
				GCC_SYMBOLS_PRIVATE_EXTERN = NO;
				GCC_WARN_64_TO_32_BIT_CONVERSION = YES;
				GCC_WARN_ABOUT_RETURN_TYPE = YES_ERROR;
				GCC_WARN_UNDECLARED_SELECTOR = YES;
				GCC_WARN_UNINITIALIZED_AUTOS = YES_AGGRESSIVE;
				GCC_WARN_UNUSED_FUNCTION = YES;
				GCC_WARN_UNUSED_VARIABLE = YES;
				MACOSX_DEPLOYMENT_TARGET = 10.10;
				MTL_ENABLE_DEBUG_INFO = YES;
				ONLY_ACTIVE_ARCH = YES;
				SDKROOT = macosx;
				SWIFT_OPTIMIZATION_LEVEL = "-Onone";
			};
			name = Debug;
		};
		59B080D81A935BBD00CB57ED /* Release */ = {
			isa = XCBuildConfiguration;
			buildSettings = {
				ALWAYS_SEARCH_USER_PATHS = NO;
				CLANG_CXX_LANGUAGE_STANDARD = "gnu++0x";
				CLANG_CXX_LIBRARY = "libc++";
				CLANG_ENABLE_MODULES = YES;
				CLANG_ENABLE_OBJC_ARC = YES;
				CLANG_WARN_BOOL_CONVERSION = YES;
				CLANG_WARN_CONSTANT_CONVERSION = YES;
				CLANG_WARN_DIRECT_OBJC_ISA_USAGE = YES_ERROR;
				CLANG_WARN_EMPTY_BODY = YES;
				CLANG_WARN_ENUM_CONVERSION = YES;
				CLANG_WARN_INT_CONVERSION = YES;
				CLANG_WARN_OBJC_ROOT_CLASS = YES_ERROR;
				CLANG_WARN_UNREACHABLE_CODE = YES;
				CLANG_WARN__DUPLICATE_METHOD_MATCH = YES;
				CODE_SIGN_IDENTITY = "-";
				COPY_PHASE_STRIP = YES;
				DEBUG_INFORMATION_FORMAT = "dwarf-with-dsym";
				ENABLE_NS_ASSERTIONS = NO;
				ENABLE_STRICT_OBJC_MSGSEND = YES;
				GCC_C_LANGUAGE_STANDARD = gnu99;
				GCC_WARN_64_TO_32_BIT_CONVERSION = YES;
				GCC_WARN_ABOUT_RETURN_TYPE = YES_ERROR;
				GCC_WARN_UNDECLARED_SELECTOR = YES;
				GCC_WARN_UNINITIALIZED_AUTOS = YES_AGGRESSIVE;
				GCC_WARN_UNUSED_FUNCTION = YES;
				GCC_WARN_UNUSED_VARIABLE = YES;
				MACOSX_DEPLOYMENT_TARGET = 10.10;
				MTL_ENABLE_DEBUG_INFO = NO;
				SDKROOT = macosx;
			};
			name = Release;
		};
		59B080DA1A935BBD00CB57ED /* Debug */ = {
			isa = XCBuildConfiguration;
			buildSettings = {
				ASSETCATALOG_COMPILER_APPICON_NAME = AppIcon;
				COMBINE_HIDPI_IMAGES = YES;
				INFOPLIST_FILE = ParrotZik/Info.plist;
				LD_RUNPATH_SEARCH_PATHS = "$(inherited) @executable_path/../Frameworks";
				PRODUCT_NAME = "$(TARGET_NAME)";
			};
			name = Debug;
		};
		59B080DB1A935BBD00CB57ED /* Release */ = {
			isa = XCBuildConfiguration;
			buildSettings = {
				ASSETCATALOG_COMPILER_APPICON_NAME = AppIcon;
				COMBINE_HIDPI_IMAGES = YES;
				INFOPLIST_FILE = ParrotZik/Info.plist;
				LD_RUNPATH_SEARCH_PATHS = "$(inherited) @executable_path/../Frameworks";
				PRODUCT_NAME = "$(TARGET_NAME)";
			};
			name = Release;
		};
		59B080DD1A935BBD00CB57ED /* Debug */ = {
			isa = XCBuildConfiguration;
			buildSettings = {
				BUNDLE_LOADER = "$(TEST_HOST)";
				COMBINE_HIDPI_IMAGES = YES;
				FRAMEWORK_SEARCH_PATHS = (
					"$(DEVELOPER_FRAMEWORKS_DIR)",
					"$(inherited)",
				);
				GCC_PREPROCESSOR_DEFINITIONS = (
					"DEBUG=1",
					"$(inherited)",
				);
				INFOPLIST_FILE = ParrotZikTests/Info.plist;
				LD_RUNPATH_SEARCH_PATHS = "$(inherited) @executable_path/../Frameworks @loader_path/../Frameworks";
				PRODUCT_NAME = "$(TARGET_NAME)";
				TEST_HOST = "$(BUILT_PRODUCTS_DIR)/ParrotZik.app/Contents/MacOS/ParrotZik";
			};
			name = Debug;
		};
		59B080DE1A935BBD00CB57ED /* Release */ = {
			isa = XCBuildConfiguration;
			buildSettings = {
				BUNDLE_LOADER = "$(TEST_HOST)";
				COMBINE_HIDPI_IMAGES = YES;
				FRAMEWORK_SEARCH_PATHS = (
					"$(DEVELOPER_FRAMEWORKS_DIR)",
					"$(inherited)",
				);
				INFOPLIST_FILE = ParrotZikTests/Info.plist;
				LD_RUNPATH_SEARCH_PATHS = "$(inherited) @executable_path/../Frameworks @loader_path/../Frameworks";
				PRODUCT_NAME = "$(TARGET_NAME)";
				TEST_HOST = "$(BUILT_PRODUCTS_DIR)/ParrotZik.app/Contents/MacOS/ParrotZik";
			};
			name = Release;
		};
/* End XCBuildConfiguration section */

/* Begin XCConfigurationList section */
		59B080BA1A935BBD00CB57ED /* Build configuration list for PBXProject "ParrotZik" */ = {
			isa = XCConfigurationList;
			buildConfigurations = (
				59B080D71A935BBD00CB57ED /* Debug */,
				59B080D81A935BBD00CB57ED /* Release */,
			);
			defaultConfigurationIsVisible = 0;
			defaultConfigurationName = Release;
		};
		59B080D91A935BBD00CB57ED /* Build configuration list for PBXNativeTarget "ParrotZik" */ = {
			isa = XCConfigurationList;
			buildConfigurations = (
				59B080DA1A935BBD00CB57ED /* Debug */,
				59B080DB1A935BBD00CB57ED /* Release */,
			);
			defaultConfigurationIsVisible = 0;
		};
		59B080DC1A935BBD00CB57ED /* Build configuration list for PBXNativeTarget "ParrotZikTests" */ = {
			isa = XCConfigurationList;
			buildConfigurations = (
				59B080DD1A935BBD00CB57ED /* Debug */,
				59B080DE1A935BBD00CB57ED /* Release */,
			);
			defaultConfigurationIsVisible = 0;
		};
/* End XCConfigurationList section */
	};
	rootObject = 59B080B71A935BBD00CB57ED /* Project object */;
}
