// !$*UTF8*$!
{
	archiveVersion = 1;
	classes = {
	};
	objectVersion = 46;
	objects = {

/* Begin PBXBuildFile section */
		59B0810A1A935EA500CB57ED /* StatusMenu.xib in Resources */ = {isa = PBXBuildFile; fileRef = 59B081091A935EA500CB57ED /* StatusMenu.xib */; };
		59F2ECCB1A94B63F002CBB32 /* zik-audio-headset.png in Resources */ = {isa = PBXBuildFile; fileRef = 59F2ECCA1A94B63F002CBB32 /* zik-audio-headset.png */; };
		59F2ED511A94C7DE002CBB32 /* main.swift in Sources */ = {isa = PBXBuildFile; fileRef = 59F2ED501A94C7DE002CBB32 /* main.swift */; };
		59F2ED9C1A94CA86002CBB32 /* ParrotChannel.swift in Sources */ = {isa = PBXBuildFile; fileRef = 59F2ED7F1A94CA67002CBB32 /* ParrotChannel.swift */; };
		59F2ED9D1A94CA86002CBB32 /* ParrotCommunicator.swift in Sources */ = {isa = PBXBuildFile; fileRef = 59F2ED801A94CA67002CBB32 /* ParrotCommunicator.swift */; };
		59F2ED9E1A94CA86002CBB32 /* ParrotDataHandler.swift in Sources */ = {isa = PBXBuildFile; fileRef = 59F2ED811A94CA67002CBB32 /* ParrotDataHandler.swift */; };
		59F2ED9F1A94CA86002CBB32 /* ParrotManager.swift in Sources */ = {isa = PBXBuildFile; fileRef = 59F2ED821A94CA67002CBB32 /* ParrotManager.swift */; };
		59F2EDA01A94CA86002CBB32 /* ParrotSearcher.swift in Sources */ = {isa = PBXBuildFile; fileRef = 59F2ED831A94CA67002CBB32 /* ParrotSearcher.swift */; };
		59F2EDA11A94CA86002CBB32 /* macutil.swift in Sources */ = {isa = PBXBuildFile; fileRef = 59F2ED851A94CA67002CBB32 /* macutil.swift */; };
		59F2EDA21A94CA86002CBB32 /* ParrotRequest.swift in Sources */ = {isa = PBXBuildFile; fileRef = 59F2ED871A94CA67002CBB32 /* ParrotRequest.swift */; };
		59F2EDA31A94CA86002CBB32 /* ParrotResponse.swift in Sources */ = {isa = PBXBuildFile; fileRef = 59F2ED881A94CA67002CBB32 /* ParrotResponse.swift */; };
		59F2EDA41A94CA86002CBB32 /* ParrotConnection.swift in Sources */ = {isa = PBXBuildFile; fileRef = 59F2ED8B1A94CA67002CBB32 /* ParrotConnection.swift */; };
		59F2EDA51A94CA86002CBB32 /* ParrotRequestor.swift in Sources */ = {isa = PBXBuildFile; fileRef = 59F2ED8C1A94CA67002CBB32 /* ParrotRequestor.swift */; };
		59F2EDA61A94CA86002CBB32 /* ParrotState.swift in Sources */ = {isa = PBXBuildFile; fileRef = 59F2ED8D1A94CA67002CBB32 /* ParrotState.swift */; };
		59F2EDA71A94CA86002CBB32 /* BatteryItem.swift in Sources */ = {isa = PBXBuildFile; fileRef = 59F2ED8F1A94CA67002CBB32 /* BatteryItem.swift */; };
		59F2EDA81A94CA86002CBB32 /* AppDelegate.swift in Sources */ = {isa = PBXBuildFile; fileRef = 59B080C41A935BBD00CB57ED /* AppDelegate.swift */; };
		59F2EDA91A94CA94002CBB32 /* ParrotChannel.swift in Sources */ = {isa = PBXBuildFile; fileRef = 59F2ED7F1A94CA67002CBB32 /* ParrotChannel.swift */; };
		59F2EDAA1A94CA94002CBB32 /* ParrotCommunicator.swift in Sources */ = {isa = PBXBuildFile; fileRef = 59F2ED801A94CA67002CBB32 /* ParrotCommunicator.swift */; };
		59F2EDAB1A94CA94002CBB32 /* ParrotDataHandler.swift in Sources */ = {isa = PBXBuildFile; fileRef = 59F2ED811A94CA67002CBB32 /* ParrotDataHandler.swift */; };
		59F2EDAC1A94CA94002CBB32 /* ParrotManager.swift in Sources */ = {isa = PBXBuildFile; fileRef = 59F2ED821A94CA67002CBB32 /* ParrotManager.swift */; };
		59F2EDAD1A94CA94002CBB32 /* ParrotSearcher.swift in Sources */ = {isa = PBXBuildFile; fileRef = 59F2ED831A94CA67002CBB32 /* ParrotSearcher.swift */; };
		59F2EDAE1A94CA94002CBB32 /* macutil.swift in Sources */ = {isa = PBXBuildFile; fileRef = 59F2ED851A94CA67002CBB32 /* macutil.swift */; };
		59F2EDAF1A94CA94002CBB32 /* ParrotRequest.swift in Sources */ = {isa = PBXBuildFile; fileRef = 59F2ED871A94CA67002CBB32 /* ParrotRequest.swift */; };
		59F2EDB01A94CA94002CBB32 /* ParrotResponse.swift in Sources */ = {isa = PBXBuildFile; fileRef = 59F2ED881A94CA67002CBB32 /* ParrotResponse.swift */; };
		59F2EDC71A94D609002CBB32 /* StateItem.swift in Sources */ = {isa = PBXBuildFile; fileRef = 59F2EDC61A94D609002CBB32 /* StateItem.swift */; };
		59F2EDC91A94D61B002CBB32 /* NameItem.swift in Sources */ = {isa = PBXBuildFile; fileRef = 59F2EDC81A94D61B002CBB32 /* NameItem.swift */; };
		59F2EDCB1A94D7E4002CBB32 /* VersionItem.swift in Sources */ = {isa = PBXBuildFile; fileRef = 59F2EDCA1A94D7E4002CBB32 /* VersionItem.swift */; };
/* End PBXBuildFile section */

/* Begin PBXCopyFilesBuildPhase section */
		59F2ED4C1A94C7DE002CBB32 /* CopyFiles */ = {
			isa = PBXCopyFilesBuildPhase;
			buildActionMask = 2147483647;
			dstPath = /usr/share/man/man1/;
			dstSubfolderSpec = 0;
			files = (
			);
			runOnlyForDeploymentPostprocessing = 1;
		};
/* End PBXCopyFilesBuildPhase section */

/* Begin PBXFileReference section */
		59B080BF1A935BBD00CB57ED /* ParrotZik.app */ = {isa = PBXFileReference; explicitFileType = wrapper.application; includeInIndex = 0; path = ParrotZik.app; sourceTree = BUILT_PRODUCTS_DIR; };
		59B080C31A935BBD00CB57ED /* Info.plist */ = {isa = PBXFileReference; lastKnownFileType = text.plist.xml; path = Info.plist; sourceTree = "<group>"; };
		59B080C41A935BBD00CB57ED /* AppDelegate.swift */ = {isa = PBXFileReference; lastKnownFileType = sourcecode.swift; path = AppDelegate.swift; sourceTree = "<group>"; };
		59B081091A935EA500CB57ED /* StatusMenu.xib */ = {isa = PBXFileReference; fileEncoding = 4; lastKnownFileType = file.xib; name = StatusMenu.xib; path = "Supporting Files/StatusMenu.xib"; sourceTree = "<group>"; };
		59F2ECCA1A94B63F002CBB32 /* zik-audio-headset.png */ = {isa = PBXFileReference; lastKnownFileType = image.png; name = "zik-audio-headset.png"; path = "Supporting Files/images/zik-audio-headset.png"; sourceTree = "<group>"; };
		59F2ED4E1A94C7DE002CBB32 /* ParrotZikCli */ = {isa = PBXFileReference; explicitFileType = "compiled.mach-o.executable"; includeInIndex = 0; name = ParrotZikCli; path = CliTest; sourceTree = BUILT_PRODUCTS_DIR; };
		59F2ED501A94C7DE002CBB32 /* main.swift */ = {isa = PBXFileReference; lastKnownFileType = sourcecode.swift; path = main.swift; sourceTree = "<group>"; };
		59F2ED7F1A94CA67002CBB32 /* ParrotChannel.swift */ = {isa = PBXFileReference; lastKnownFileType = sourcecode.swift; path = ParrotChannel.swift; sourceTree = "<group>"; };
		59F2ED801A94CA67002CBB32 /* ParrotCommunicator.swift */ = {isa = PBXFileReference; lastKnownFileType = sourcecode.swift; path = ParrotCommunicator.swift; sourceTree = "<group>"; };
		59F2ED811A94CA67002CBB32 /* ParrotDataHandler.swift */ = {isa = PBXFileReference; lastKnownFileType = sourcecode.swift; path = ParrotDataHandler.swift; sourceTree = "<group>"; };
		59F2ED821A94CA67002CBB32 /* ParrotManager.swift */ = {isa = PBXFileReference; lastKnownFileType = sourcecode.swift; path = ParrotManager.swift; sourceTree = "<group>"; };
		59F2ED831A94CA67002CBB32 /* ParrotSearcher.swift */ = {isa = PBXFileReference; lastKnownFileType = sourcecode.swift; path = ParrotSearcher.swift; sourceTree = "<group>"; };
		59F2ED851A94CA67002CBB32 /* macutil.swift */ = {isa = PBXFileReference; lastKnownFileType = sourcecode.swift; path = macutil.swift; sourceTree = "<group>"; };
		59F2ED871A94CA67002CBB32 /* ParrotRequest.swift */ = {isa = PBXFileReference; lastKnownFileType = sourcecode.swift; path = ParrotRequest.swift; sourceTree = "<group>"; };
		59F2ED881A94CA67002CBB32 /* ParrotResponse.swift */ = {isa = PBXFileReference; lastKnownFileType = sourcecode.swift; path = ParrotResponse.swift; sourceTree = "<group>"; };
		59F2ED8B1A94CA67002CBB32 /* ParrotConnection.swift */ = {isa = PBXFileReference; lastKnownFileType = sourcecode.swift; path = ParrotConnection.swift; sourceTree = "<group>"; };
		59F2ED8C1A94CA67002CBB32 /* ParrotRequestor.swift */ = {isa = PBXFileReference; lastKnownFileType = sourcecode.swift; path = ParrotRequestor.swift; sourceTree = "<group>"; };
		59F2ED8D1A94CA67002CBB32 /* ParrotState.swift */ = {isa = PBXFileReference; lastKnownFileType = sourcecode.swift; path = ParrotState.swift; sourceTree = "<group>"; };
		59F2ED8F1A94CA67002CBB32 /* BatteryItem.swift */ = {isa = PBXFileReference; lastKnownFileType = sourcecode.swift; path = BatteryItem.swift; sourceTree = "<group>"; };
		59F2EDC61A94D609002CBB32 /* StateItem.swift */ = {isa = PBXFileReference; fileEncoding = 4; lastKnownFileType = sourcecode.swift; path = StateItem.swift; sourceTree = "<group>"; };
		59F2EDC81A94D61B002CBB32 /* NameItem.swift */ = {isa = PBXFileReference; fileEncoding = 4; lastKnownFileType = sourcecode.swift; path = NameItem.swift; sourceTree = "<group>"; };
		59F2EDCA1A94D7E4002CBB32 /* VersionItem.swift */ = {isa = PBXFileReference; fileEncoding = 4; lastKnownFileType = sourcecode.swift; path = VersionItem.swift; sourceTree = "<group>"; };
/* End PBXFileReference section */

/* Begin PBXFrameworksBuildPhase section */
		59B080BC1A935BBD00CB57ED /* Frameworks */ = {
			isa = PBXFrameworksBuildPhase;
			buildActionMask = 2147483647;
			files = (
			);
			runOnlyForDeploymentPostprocessing = 0;
		};
		59F2ED4B1A94C7DE002CBB32 /* Frameworks */ = {
			isa = PBXFrameworksBuildPhase;
			buildActionMask = 2147483647;
			files = (
			);
			runOnlyForDeploymentPostprocessing = 0;
		};
/* End PBXFrameworksBuildPhase section */

/* Begin PBXGroup section */
		59B080B61A935BBD00CB57ED = {
			isa = PBXGroup;
			children = (
				59F2ED7D1A94CA67002CBB32 /* CommonFiles */,
				59B080C11A935BBD00CB57ED /* ParrotZik */,
				59F2ED4F1A94C7DE002CBB32 /* ParrotZikCli */,
				59B080C01A935BBD00CB57ED /* Products */,
			);
			sourceTree = "<group>";
		};
		59B080C01A935BBD00CB57ED /* Products */ = {
			isa = PBXGroup;
			children = (
				59B080BF1A935BBD00CB57ED /* ParrotZik.app */,
				59F2ED4E1A94C7DE002CBB32 /* ParrotZikCli */,
			);
			name = Products;
			sourceTree = "<group>";
		};
		59B080C11A935BBD00CB57ED /* ParrotZik */ = {
			isa = PBXGroup;
			children = (
				59B080C41A935BBD00CB57ED /* AppDelegate.swift */,
				59B080C21A935BBD00CB57ED /* Supporting Files */,
			);
			path = ParrotZik;
			sourceTree = "<group>";
		};
		59B080C21A935BBD00CB57ED /* Supporting Files */ = {
			isa = PBXGroup;
			children = (
				59B081091A935EA500CB57ED /* StatusMenu.xib */,
				59B080C31A935BBD00CB57ED /* Info.plist */,
				59B081071A935CF900CB57ED /* images */,
			);
			name = "Supporting Files";
			sourceTree = "<group>";
		};
		59B081071A935CF900CB57ED /* images */ = {
			isa = PBXGroup;
			children = (
				59F2ECCA1A94B63F002CBB32 /* zik-audio-headset.png */,
			);
			name = images;
			sourceTree = "<group>";
		};
		59F2ED4F1A94C7DE002CBB32 /* ParrotZikCli */ = {
			isa = PBXGroup;
			children = (
				59F2ED501A94C7DE002CBB32 /* main.swift */,
			);
			path = ParrotZikCli;
			sourceTree = "<group>";
		};
		59F2ED7D1A94CA67002CBB32 /* CommonFiles */ = {
			isa = PBXGroup;
			children = (
				59F2ED7E1A94CA67002CBB32 /* connection */,
				59F2ED841A94CA67002CBB32 /* misc */,
				59F2ED861A94CA67002CBB32 /* protocol */,
				59F2ED891A94CA67002CBB32 /* UI */,
			);
			path = CommonFiles;
			sourceTree = "<group>";
		};
		59F2ED7E1A94CA67002CBB32 /* connection */ = {
			isa = PBXGroup;
			children = (
				59F2ED7F1A94CA67002CBB32 /* ParrotChannel.swift */,
				59F2ED801A94CA67002CBB32 /* ParrotCommunicator.swift */,
				59F2ED811A94CA67002CBB32 /* ParrotDataHandler.swift */,
				59F2ED821A94CA67002CBB32 /* ParrotManager.swift */,
				59F2ED831A94CA67002CBB32 /* ParrotSearcher.swift */,
			);
			path = connection;
			sourceTree = "<group>";
		};
		59F2ED841A94CA67002CBB32 /* misc */ = {
			isa = PBXGroup;
			children = (
				59F2ED851A94CA67002CBB32 /* macutil.swift */,
			);
			path = misc;
			sourceTree = "<group>";
		};
		59F2ED861A94CA67002CBB32 /* protocol */ = {
			isa = PBXGroup;
			children = (
				59F2ED871A94CA67002CBB32 /* ParrotRequest.swift */,
				59F2ED881A94CA67002CBB32 /* ParrotResponse.swift */,
			);
			path = protocol;
			sourceTree = "<group>";
		};
		59F2ED891A94CA67002CBB32 /* UI */ = {
			isa = PBXGroup;
			children = (
				59F2ED8A1A94CA67002CBB32 /* connection */,
				59F2ED8D1A94CA67002CBB32 /* ParrotState.swift */,
				59F2ED8E1A94CA67002CBB32 /* stateitems */,
			);
			path = UI;
			sourceTree = "<group>";
		};
		59F2ED8A1A94CA67002CBB32 /* connection */ = {
			isa = PBXGroup;
			children = (
				59F2ED8B1A94CA67002CBB32 /* ParrotConnection.swift */,
				59F2ED8C1A94CA67002CBB32 /* ParrotRequestor.swift */,
			);
			path = connection;
			sourceTree = "<group>";
		};
		59F2ED8E1A94CA67002CBB32 /* stateitems */ = {
			isa = PBXGroup;
			children = (
				59F2ED8F1A94CA67002CBB32 /* BatteryItem.swift */,
				59F2EDC61A94D609002CBB32 /* StateItem.swift */,
				59F2EDC81A94D61B002CBB32 /* NameItem.swift */,
				59F2EDCA1A94D7E4002CBB32 /* VersionItem.swift */,
			);
			path = stateitems;
			sourceTree = "<group>";
		};
/* End PBXGroup section */

/* Begin PBXNativeTarget section */
		59B080BE1A935BBD00CB57ED /* ParrotZik */ = {
			isa = PBXNativeTarget;
			buildConfigurationList = 59B080D91A935BBD00CB57ED /* Build configuration list for PBXNativeTarget "ParrotZik" */;
			buildPhases = (
				59B080BB1A935BBD00CB57ED /* Sources */,
				59B080BC1A935BBD00CB57ED /* Frameworks */,
				59B080BD1A935BBD00CB57ED /* Resources */,
			);
			buildRules = (
			);
			dependencies = (
			);
			name = ParrotZik;
			productName = ParrotZik;
			productReference = 59B080BF1A935BBD00CB57ED /* ParrotZik.app */;
			productType = "com.apple.product-type.application";
		};
		59F2ED4D1A94C7DE002CBB32 /* CliTest */ = {
			isa = PBXNativeTarget;
			buildConfigurationList = 59F2ED521A94C7DE002CBB32 /* Build configuration list for PBXNativeTarget "CliTest" */;
			buildPhases = (
				59F2ED4A1A94C7DE002CBB32 /* Sources */,
				59F2ED4B1A94C7DE002CBB32 /* Frameworks */,
				59F2ED4C1A94C7DE002CBB32 /* CopyFiles */,
			);
			buildRules = (
			);
			dependencies = (
			);
			name = CliTest;
			productName = ParrotZikCli;
			productReference = 59F2ED4E1A94C7DE002CBB32 /* ParrotZikCli */;
			productType = "com.apple.product-type.tool";
		};
/* End PBXNativeTarget section */

/* Begin PBXProject section */
		59B080B71A935BBD00CB57ED /* Project object */ = {
			isa = PBXProject;
			attributes = {
				LastUpgradeCheck = 0610;
				ORGANIZATIONNAME = "Внештатный командир земли";
				TargetAttributes = {
					59B080BE1A935BBD00CB57ED = {
						CreatedOnToolsVersion = 6.1.1;
					};
					59F2ED4D1A94C7DE002CBB32 = {
						CreatedOnToolsVersion = 6.1.1;
					};
				};
			};
			buildConfigurationList = 59B080BA1A935BBD00CB57ED /* Build configuration list for PBXProject "ParrotZik" */;
			compatibilityVersion = "Xcode 3.2";
			developmentRegion = English;
			hasScannedForEncodings = 0;
			knownRegions = (
				en,
				Base,
			);
			mainGroup = 59B080B61A935BBD00CB57ED;
			productRefGroup = 59B080C01A935BBD00CB57ED /* Products */;
			projectDirPath = "";
			projectRoot = "";
			targets = (
				59B080BE1A935BBD00CB57ED /* ParrotZik */,
				59F2ED4D1A94C7DE002CBB32 /* CliTest */,
			);
		};
/* End PBXProject section */

/* Begin PBXResourcesBuildPhase section */
		59B080BD1A935BBD00CB57ED /* Resources */ = {
			isa = PBXResourcesBuildPhase;
			buildActionMask = 2147483647;
			files = (
				59F2ECCB1A94B63F002CBB32 /* zik-audio-headset.png in Resources */,
				59B0810A1A935EA500CB57ED /* StatusMenu.xib in Resources */,
			);
			runOnlyForDeploymentPostprocessing = 0;
		};
/* End PBXResourcesBuildPhase section */

/* Begin PBXSourcesBuildPhase section */
		59B080BB1A935BBD00CB57ED /* Sources */ = {
			isa = PBXSourcesBuildPhase;
			buildActionMask = 2147483647;
			files = (
				59F2EDC91A94D61B002CBB32 /* NameItem.swift in Sources */,
				59F2EDCB1A94D7E4002CBB32 /* VersionItem.swift in Sources */,
				59F2ED9C1A94CA86002CBB32 /* ParrotChannel.swift in Sources */,
				59F2ED9D1A94CA86002CBB32 /* ParrotCommunicator.swift in Sources */,
				59F2ED9E1A94CA86002CBB32 /* ParrotDataHandler.swift in Sources */,
				59F2ED9F1A94CA86002CBB32 /* ParrotManager.swift in Sources */,
				59F2EDA01A94CA86002CBB32 /* ParrotSearcher.swift in Sources */,
				59F2EDA11A94CA86002CBB32 /* macutil.swift in Sources */,
				59F2EDC71A94D609002CBB32 /* StateItem.swift in Sources */,
				59F2EDA21A94CA86002CBB32 /* ParrotRequest.swift in Sources */,
				59F2EDA31A94CA86002CBB32 /* ParrotResponse.swift in Sources */,
				59F2EDA41A94CA86002CBB32 /* ParrotConnection.swift in Sources */,
				59F2EDA51A94CA86002CBB32 /* ParrotRequestor.swift in Sources */,
				59F2EDA61A94CA86002CBB32 /* ParrotState.swift in Sources */,
				59F2EDA71A94CA86002CBB32 /* BatteryItem.swift in Sources */,
				59F2EDA81A94CA86002CBB32 /* AppDelegate.swift in Sources */,
			);
			runOnlyForDeploymentPostprocessing = 0;
		};
		59F2ED4A1A94C7DE002CBB32 /* Sources */ = {
			isa = PBXSourcesBuildPhase;
			buildActionMask = 2147483647;
			files = (
				59F2EDA91A94CA94002CBB32 /* ParrotChannel.swift in Sources */,
				59F2EDAA1A94CA94002CBB32 /* ParrotCommunicator.swift in Sources */,
				59F2EDAB1A94CA94002CBB32 /* ParrotDataHandler.swift in Sources */,
				59F2EDAC1A94CA94002CBB32 /* ParrotManager.swift in Sources */,
				59F2EDAD1A94CA94002CBB32 /* ParrotSearcher.swift in Sources */,
				59F2EDAE1A94CA94002CBB32 /* macutil.swift in Sources */,
				59F2EDAF1A94CA94002CBB32 /* ParrotRequest.swift in Sources */,
				59F2EDB01A94CA94002CBB32 /* ParrotResponse.swift in Sources */,
				59F2ED511A94C7DE002CBB32 /* main.swift in Sources */,
			);
			runOnlyForDeploymentPostprocessing = 0;
		};
/* End PBXSourcesBuildPhase section */

/* Begin XCBuildConfiguration section */
		59B080D71A935BBD00CB57ED /* Debug */ = {
			isa = XCBuildConfiguration;
			buildSettings = {
				ALWAYS_SEARCH_USER_PATHS = NO;
				CLANG_CXX_LANGUAGE_STANDARD = "gnu++0x";
				CLANG_CXX_LIBRARY = "libc++";
				CLANG_ENABLE_MODULES = YES;
				CLANG_ENABLE_OBJC_ARC = YES;
				CLANG_WARN_BOOL_CONVERSION = YES;
				CLANG_WARN_CONSTANT_CONVERSION = YES;
				CLANG_WARN_DIRECT_OBJC_ISA_USAGE = YES_ERROR;
				CLANG_WARN_EMPTY_BODY = YES;
				CLANG_WARN_ENUM_CONVERSION = YES;
				CLANG_WARN_INT_CONVERSION = YES;
				CLANG_WARN_OBJC_ROOT_CLASS = YES_ERROR;
				CLANG_WARN_UNREACHABLE_CODE = YES;
				CLANG_WARN__DUPLICATE_METHOD_MATCH = YES;
				CODE_SIGN_IDENTITY = "-";
				COPY_PHASE_STRIP = NO;
				ENABLE_STRICT_OBJC_MSGSEND = YES;
				GCC_C_LANGUAGE_STANDARD = gnu99;
				GCC_DYNAMIC_NO_PIC = NO;
				GCC_OPTIMIZATION_LEVEL = 0;
				GCC_PREPROCESSOR_DEFINITIONS = (
					"DEBUG=1",
					"$(inherited)",
				);
				GCC_SYMBOLS_PRIVATE_EXTERN = NO;
				GCC_WARN_64_TO_32_BIT_CONVERSION = YES;
				GCC_WARN_ABOUT_RETURN_TYPE = YES_ERROR;
				GCC_WARN_UNDECLARED_SELECTOR = YES;
				GCC_WARN_UNINITIALIZED_AUTOS = YES_AGGRESSIVE;
				GCC_WARN_UNUSED_FUNCTION = YES;
				GCC_WARN_UNUSED_VARIABLE = YES;
				MACOSX_DEPLOYMENT_TARGET = 10.10;
				MTL_ENABLE_DEBUG_INFO = YES;
				ONLY_ACTIVE_ARCH = YES;
				SDKROOT = macosx;
				SWIFT_OPTIMIZATION_LEVEL = "-Onone";
			};
			name = Debug;
		};
		59B080D81A935BBD00CB57ED /* Release */ = {
			isa = XCBuildConfiguration;
			buildSettings = {
				ALWAYS_SEARCH_USER_PATHS = NO;
				CLANG_CXX_LANGUAGE_STANDARD = "gnu++0x";
				CLANG_CXX_LIBRARY = "libc++";
				CLANG_ENABLE_MODULES = YES;
				CLANG_ENABLE_OBJC_ARC = YES;
				CLANG_WARN_BOOL_CONVERSION = YES;
				CLANG_WARN_CONSTANT_CONVERSION = YES;
				CLANG_WARN_DIRECT_OBJC_ISA_USAGE = YES_ERROR;
				CLANG_WARN_EMPTY_BODY = YES;
				CLANG_WARN_ENUM_CONVERSION = YES;
				CLANG_WARN_INT_CONVERSION = YES;
				CLANG_WARN_OBJC_ROOT_CLASS = YES_ERROR;
				CLANG_WARN_UNREACHABLE_CODE = YES;
				CLANG_WARN__DUPLICATE_METHOD_MATCH = YES;
				CODE_SIGN_IDENTITY = "-";
				COPY_PHASE_STRIP = YES;
				DEBUG_INFORMATION_FORMAT = "dwarf-with-dsym";
				ENABLE_NS_ASSERTIONS = NO;
				ENABLE_STRICT_OBJC_MSGSEND = YES;
				GCC_C_LANGUAGE_STANDARD = gnu99;
				GCC_WARN_64_TO_32_BIT_CONVERSION = YES;
				GCC_WARN_ABOUT_RETURN_TYPE = YES_ERROR;
				GCC_WARN_UNDECLARED_SELECTOR = YES;
				GCC_WARN_UNINITIALIZED_AUTOS = YES_AGGRESSIVE;
				GCC_WARN_UNUSED_FUNCTION = YES;
				GCC_WARN_UNUSED_VARIABLE = YES;
				MACOSX_DEPLOYMENT_TARGET = 10.10;
				MTL_ENABLE_DEBUG_INFO = NO;
				SDKROOT = macosx;
			};
			name = Release;
		};
		59B080DA1A935BBD00CB57ED /* Debug */ = {
			isa = XCBuildConfiguration;
			buildSettings = {
				ASSETCATALOG_COMPILER_APPICON_NAME = AppIcon;
				CODE_SIGN_IDENTITY = "";
				COMBINE_HIDPI_IMAGES = YES;
				INFOPLIST_FILE = ParrotZik/Info.plist;
				LD_RUNPATH_SEARCH_PATHS = "$(inherited) @executable_path/../Frameworks";
				PRODUCT_NAME = "$(TARGET_NAME)";
			};
			name = Debug;
		};
		59B080DB1A935BBD00CB57ED /* Release */ = {
			isa = XCBuildConfiguration;
			buildSettings = {
				ASSETCATALOG_COMPILER_APPICON_NAME = AppIcon;
				CODE_SIGN_IDENTITY = "";
				COMBINE_HIDPI_IMAGES = YES;
				INFOPLIST_FILE = ParrotZik/Info.plist;
				LD_RUNPATH_SEARCH_PATHS = "$(inherited) @executable_path/../Frameworks";
				PRODUCT_NAME = "$(TARGET_NAME)";
			};
			name = Release;
		};
		59F2ED531A94C7DE002CBB32 /* Debug */ = {
			isa = XCBuildConfiguration;
			buildSettings = {
				GCC_PREPROCESSOR_DEFINITIONS = (
					"DEBUG=1",
					"$(inherited)",
				);
				PRODUCT_NAME = "$(TARGET_NAME)";
			};
			name = Debug;
		};
		59F2ED541A94C7DE002CBB32 /* Release */ = {
			isa = XCBuildConfiguration;
			buildSettings = {
				PRODUCT_NAME = "$(TARGET_NAME)";
			};
			name = Release;
		};
/* End XCBuildConfiguration section */

/* Begin XCConfigurationList section */
		59B080BA1A935BBD00CB57ED /* Build configuration list for PBXProject "ParrotZik" */ = {
			isa = XCConfigurationList;
			buildConfigurations = (
				59B080D71A935BBD00CB57ED /* Debug */,
				59B080D81A935BBD00CB57ED /* Release */,
			);
			defaultConfigurationIsVisible = 0;
			defaultConfigurationName = Release;
		};
		59B080D91A935BBD00CB57ED /* Build configuration list for PBXNativeTarget "ParrotZik" */ = {
			isa = XCConfigurationList;
			buildConfigurations = (
				59B080DA1A935BBD00CB57ED /* Debug */,
				59B080DB1A935BBD00CB57ED /* Release */,
			);
			defaultConfigurationIsVisible = 0;
			defaultConfigurationName = Release;
		};
		59F2ED521A94C7DE002CBB32 /* Build configuration list for PBXNativeTarget "CliTest" */ = {
			isa = XCConfigurationList;
			buildConfigurations = (
				59F2ED531A94C7DE002CBB32 /* Debug */,
				59F2ED541A94C7DE002CBB32 /* Release */,
			);
			defaultConfigurationIsVisible = 0;
			defaultConfigurationName = Release;
		};
/* End XCConfigurationList section */
	};
	rootObject = 59B080B71A935BBD00CB57ED /* Project object */;
}
